
Microsoft Visual Studio Solution File, Format Version 12.00
# Visual Studio Version 16
VisualStudioVersion = 16.0.30128.74
MinimumVisualStudioVersion = 10.0.40219.1
Project("{FAE04EC0-301F-11D3-BF4B-00C04F79EFBC}") = "PurePhysicist.Android", "PurePhysicist\PurePhysicist.Android\PurePhysicist.Android.csproj", "{9EDB24B2-5DDB-43F8-BB5E-41BB80C3A644}"
EndProject
Project("{FAE04EC0-301F-11D3-BF4B-00C04F79EFBC}") = "PurePhysicist.iOS", "PurePhysicist\PurePhysicist.iOS\PurePhysicist.iOS.csproj", "{F0FDE3EE-A15A-4B8D-9035-9BAADAA9C72A}"
EndProject
Project("{9A19103F-16F7-4668-BE54-9A1E7A4F7556}") = "PurePhysicist.Web", "PurePhysicist\PurePhysicist.Web\PurePhysicist.Web.csproj", "{875D7206-4EA2-4CD4-A1FF-097205007E65}"
EndProject
Project("{9A19103F-16F7-4668-BE54-9A1E7A4F7556}") = "PurePhysicist", "PurePhysicist\PurePhysicist\PurePhysicist.csproj", "{517626F9-300A-4E95-AA4F-2C244B6F5110}"
EndProject
Project("{9A19103F-16F7-4668-BE54-9A1E7A4F7556}") = "UniversityPhysics", "..\..\..\C#\University Physics\University Physics\UniversityPhysics.csproj", "{584ED052-4F14-4628-A056-713B15C8ACD7}"
EndProject
Global
	GlobalSection(SolutionConfigurationPlatforms) = preSolution
		Debug|Any CPU = Debug|Any CPU
		Debug|ARM = Debug|ARM
		Debug|iPhone = Debug|iPhone
		Debug|iPhoneSimulator = Debug|iPhoneSimulator
		Debug|x64 = Debug|x64
		Debug|x86 = Debug|x86
		Release|Any CPU = Release|Any CPU
		Release|ARM = Release|ARM
		Release|iPhone = Release|iPhone
		Release|iPhoneSimulator = Release|iPhoneSimulator
		Release|x64 = Release|x64
		Release|x86 = Release|x86
	EndGlobalSection
	GlobalSection(ProjectConfigurationPlatforms) = postSolution
		{9EDB24B2-5DDB-43F8-BB5E-41BB80C3A644}.Debug|Any CPU.ActiveCfg = Debug|Any CPU
		{9EDB24B2-5DDB-43F8-BB5E-41BB80C3A644}.Debug|Any CPU.Build.0 = Debug|Any CPU
		{9EDB24B2-5DDB-43F8-BB5E-41BB80C3A644}.Debug|Any CPU.Deploy.0 = Debug|Any CPU
		{9EDB24B2-5DDB-43F8-BB5E-41BB80C3A644}.Debug|ARM.ActiveCfg = Debug|Any CPU
		{9EDB24B2-5DDB-43F8-BB5E-41BB80C3A644}.Debug|ARM.Build.0 = Debug|Any CPU
		{9EDB24B2-5DDB-43F8-BB5E-41BB80C3A644}.Debug|ARM.Deploy.0 = Debug|Any CPU
		{9EDB24B2-5DDB-43F8-BB5E-41BB80C3A644}.Debug|iPhone.ActiveCfg = Debug|Any CPU
		{9EDB24B2-5DDB-43F8-BB5E-41BB80C3A644}.Debug|iPhone.Build.0 = Debug|Any CPU
		{9EDB24B2-5DDB-43F8-BB5E-41BB80C3A644}.Debug|iPhone.Deploy.0 = Debug|Any CPU
		{9EDB24B2-5DDB-43F8-BB5E-41BB80C3A644}.Debug|iPhoneSimulator.ActiveCfg = Debug|Any CPU
		{9EDB24B2-5DDB-43F8-BB5E-41BB80C3A644}.Debug|iPhoneSimulator.Build.0 = Debug|Any CPU
		{9EDB24B2-5DDB-43F8-BB5E-41BB80C3A644}.Debug|iPhoneSimulator.Deploy.0 = Debug|Any CPU
		{9EDB24B2-5DDB-43F8-BB5E-41BB80C3A644}.Debug|x64.ActiveCfg = Debug|Any CPU
		{9EDB24B2-5DDB-43F8-BB5E-41BB80C3A644}.Debug|x64.Build.0 = Debug|Any CPU
		{9EDB24B2-5DDB-43F8-BB5E-41BB80C3A644}.Debug|x64.Deploy.0 = Debug|Any CPU
		{9EDB24B2-5DDB-43F8-BB5E-41BB80C3A644}.Debug|x86.ActiveCfg = Debug|Any CPU
		{9EDB24B2-5DDB-43F8-BB5E-41BB80C3A644}.Debug|x86.Build.0 = Debug|Any CPU
		{9EDB24B2-5DDB-43F8-BB5E-41BB80C3A644}.Debug|x86.Deploy.0 = Debug|Any CPU
		{9EDB24B2-5DDB-43F8-BB5E-41BB80C3A644}.Release|Any CPU.ActiveCfg = Release|Any CPU
		{9EDB24B2-5DDB-43F8-BB5E-41BB80C3A644}.Release|Any CPU.Build.0 = Release|Any CPU
		{9EDB24B2-5DDB-43F8-BB5E-41BB80C3A644}.Release|Any CPU.Deploy.0 = Release|Any CPU
		{9EDB24B2-5DDB-43F8-BB5E-41BB80C3A644}.Release|ARM.ActiveCfg = Release|Any CPU
		{9EDB24B2-5DDB-43F8-BB5E-41BB80C3A644}.Release|ARM.Build.0 = Release|Any CPU
		{9EDB24B2-5DDB-43F8-BB5E-41BB80C3A644}.Release|ARM.Deploy.0 = Release|Any CPU
		{9EDB24B2-5DDB-43F8-BB5E-41BB80C3A644}.Release|iPhone.ActiveCfg = Release|Any CPU
		{9EDB24B2-5DDB-43F8-BB5E-41BB80C3A644}.Release|iPhone.Build.0 = Release|Any CPU
		{9EDB24B2-5DDB-43F8-BB5E-41BB80C3A644}.Release|iPhone.Deploy.0 = Release|Any CPU
		{9EDB24B2-5DDB-43F8-BB5E-41BB80C3A644}.Release|iPhoneSimulator.ActiveCfg = Release|Any CPU
		{9EDB24B2-5DDB-43F8-BB5E-41BB80C3A644}.Release|iPhoneSimulator.Build.0 = Release|Any CPU
		{9EDB24B2-5DDB-43F8-BB5E-41BB80C3A644}.Release|iPhoneSimulator.Deploy.0 = Release|Any CPU
		{9EDB24B2-5DDB-43F8-BB5E-41BB80C3A644}.Release|x64.ActiveCfg = Release|Any CPU
		{9EDB24B2-5DDB-43F8-BB5E-41BB80C3A644}.Release|x64.Build.0 = Release|Any CPU
		{9EDB24B2-5DDB-43F8-BB5E-41BB80C3A644}.Release|x64.Deploy.0 = Release|Any CPU
		{9EDB24B2-5DDB-43F8-BB5E-41BB80C3A644}.Release|x86.ActiveCfg = Release|Any CPU
		{9EDB24B2-5DDB-43F8-BB5E-41BB80C3A644}.Release|x86.Build.0 = Release|Any CPU
		{9EDB24B2-5DDB-43F8-BB5E-41BB80C3A644}.Release|x86.Deploy.0 = Release|Any CPU
		{F0FDE3EE-A15A-4B8D-9035-9BAADAA9C72A}.Debug|Any CPU.ActiveCfg = Debug|iPhoneSimulator
		{F0FDE3EE-A15A-4B8D-9035-9BAADAA9C72A}.Debug|Any CPU.Build.0 = Debug|iPhoneSimulator
		{F0FDE3EE-A15A-4B8D-9035-9BAADAA9C72A}.Debug|Any CPU.Deploy.0 = Debug|iPhoneSimulator
		{F0FDE3EE-A15A-4B8D-9035-9BAADAA9C72A}.Debug|ARM.ActiveCfg = Debug|iPhone
		{F0FDE3EE-A15A-4B8D-9035-9BAADAA9C72A}.Debug|ARM.Build.0 = Debug|iPhone
		{F0FDE3EE-A15A-4B8D-9035-9BAADAA9C72A}.Debug|ARM.Deploy.0 = Debug|iPhone
		{F0FDE3EE-A15A-4B8D-9035-9BAADAA9C72A}.Debug|iPhone.ActiveCfg = Debug|iPhone
		{F0FDE3EE-A15A-4B8D-9035-9BAADAA9C72A}.Debug|iPhone.Build.0 = Debug|iPhone
		{F0FDE3EE-A15A-4B8D-9035-9BAADAA9C72A}.Debug|iPhone.Deploy.0 = Debug|iPhone
		{F0FDE3EE-A15A-4B8D-9035-9BAADAA9C72A}.Debug|iPhoneSimulator.ActiveCfg = Debug|iPhoneSimulator
		{F0FDE3EE-A15A-4B8D-9035-9BAADAA9C72A}.Debug|iPhoneSimulator.Build.0 = Debug|iPhoneSimulator
		{F0FDE3EE-A15A-4B8D-9035-9BAADAA9C72A}.Debug|iPhoneSimulator.Deploy.0 = Debug|iPhoneSimulator
		{F0FDE3EE-A15A-4B8D-9035-9BAADAA9C72A}.Debug|x64.ActiveCfg = Debug|iPhone
		{F0FDE3EE-A15A-4B8D-9035-9BAADAA9C72A}.Debug|x64.Build.0 = Debug|iPhone
		{F0FDE3EE-A15A-4B8D-9035-9BAADAA9C72A}.Debug|x64.Deploy.0 = Debug|iPhone
		{F0FDE3EE-A15A-4B8D-9035-9BAADAA9C72A}.Debug|x86.ActiveCfg = Debug|iPhone
		{F0FDE3EE-A15A-4B8D-9035-9BAADAA9C72A}.Debug|x86.Build.0 = Debug|iPhone
		{F0FDE3EE-A15A-4B8D-9035-9BAADAA9C72A}.Debug|x86.Deploy.0 = Debug|iPhone
		{F0FDE3EE-A15A-4B8D-9035-9BAADAA9C72A}.Release|Any CPU.ActiveCfg = Release|iPhone
		{F0FDE3EE-A15A-4B8D-9035-9BAADAA9C72A}.Release|Any CPU.Build.0 = Release|iPhone
		{F0FDE3EE-A15A-4B8D-9035-9BAADAA9C72A}.Release|Any CPU.Deploy.0 = Release|iPhone
		{F0FDE3EE-A15A-4B8D-9035-9BAADAA9C72A}.Release|ARM.ActiveCfg = Release|iPhone
		{F0FDE3EE-A15A-4B8D-9035-9BAADAA9C72A}.Release|ARM.Build.0 = Release|iPhone
		{F0FDE3EE-A15A-4B8D-9035-9BAADAA9C72A}.Release|ARM.Deploy.0 = Release|iPhone
		{F0FDE3EE-A15A-4B8D-9035-9BAADAA9C72A}.Release|iPhone.ActiveCfg = Release|iPhone
		{F0FDE3EE-A15A-4B8D-9035-9BAADAA9C72A}.Release|iPhone.Build.0 = Release|iPhone
		{F0FDE3EE-A15A-4B8D-9035-9BAADAA9C72A}.Release|iPhone.Deploy.0 = Release|iPhone
		{F0FDE3EE-A15A-4B8D-9035-9BAADAA9C72A}.Release|iPhoneSimulator.ActiveCfg = Release|iPhoneSimulator
		{F0FDE3EE-A15A-4B8D-9035-9BAADAA9C72A}.Release|iPhoneSimulator.Build.0 = Release|iPhoneSimulator
		{F0FDE3EE-A15A-4B8D-9035-9BAADAA9C72A}.Release|iPhoneSimulator.Deploy.0 = Release|iPhoneSimulator
		{F0FDE3EE-A15A-4B8D-9035-9BAADAA9C72A}.Release|x64.ActiveCfg = Release|iPhone
		{F0FDE3EE-A15A-4B8D-9035-9BAADAA9C72A}.Release|x64.Build.0 = Release|iPhone
		{F0FDE3EE-A15A-4B8D-9035-9BAADAA9C72A}.Release|x64.Deploy.0 = Release|iPhone
		{F0FDE3EE-A15A-4B8D-9035-9BAADAA9C72A}.Release|x86.ActiveCfg = Release|iPhone
		{F0FDE3EE-A15A-4B8D-9035-9BAADAA9C72A}.Release|x86.Build.0 = Release|iPhone
		{F0FDE3EE-A15A-4B8D-9035-9BAADAA9C72A}.Release|x86.Deploy.0 = Release|iPhone
		{875D7206-4EA2-4CD4-A1FF-097205007E65}.Debug|Any CPU.ActiveCfg = Debug|Any CPU
		{875D7206-4EA2-4CD4-A1FF-097205007E65}.Debug|Any CPU.Build.0 = Debug|Any CPU
		{875D7206-4EA2-4CD4-A1FF-097205007E65}.Debug|Any CPU.Deploy.0 = Debug|Any CPU
		{875D7206-4EA2-4CD4-A1FF-097205007E65}.Debug|ARM.ActiveCfg = Debug|Any CPU
		{875D7206-4EA2-4CD4-A1FF-097205007E65}.Debug|ARM.Build.0 = Debug|Any CPU
		{875D7206-4EA2-4CD4-A1FF-097205007E65}.Debug|ARM.Deploy.0 = Debug|Any CPU
		{875D7206-4EA2-4CD4-A1FF-097205007E65}.Debug|iPhone.ActiveCfg = Debug|Any CPU
		{875D7206-4EA2-4CD4-A1FF-097205007E65}.Debug|iPhone.Build.0 = Debug|Any CPU
		{875D7206-4EA2-4CD4-A1FF-097205007E65}.Debug|iPhone.Deploy.0 = Debug|Any CPU
		{875D7206-4EA2-4CD4-A1FF-097205007E65}.Debug|iPhoneSimulator.ActiveCfg = Debug|Any CPU
		{875D7206-4EA2-4CD4-A1FF-097205007E65}.Debug|iPhoneSimulator.Build.0 = Debug|Any CPU
		{875D7206-4EA2-4CD4-A1FF-097205007E65}.Debug|iPhoneSimulator.Deploy.0 = Debug|Any CPU
		{875D7206-4EA2-4CD4-A1FF-097205007E65}.Debug|x64.ActiveCfg = Debug|Any CPU
		{875D7206-4EA2-4CD4-A1FF-097205007E65}.Debug|x64.Build.0 = Debug|Any CPU
		{875D7206-4EA2-4CD4-A1FF-097205007E65}.Debug|x64.Deploy.0 = Debug|Any CPU
		{875D7206-4EA2-4CD4-A1FF-097205007E65}.Debug|x86.ActiveCfg = Debug|Any CPU
		{875D7206-4EA2-4CD4-A1FF-097205007E65}.Debug|x86.Build.0 = Debug|Any CPU
		{875D7206-4EA2-4CD4-A1FF-097205007E65}.Debug|x86.Deploy.0 = Debug|Any CPU
		{875D7206-4EA2-4CD4-A1FF-097205007E65}.Release|Any CPU.ActiveCfg = Release|Any CPU
		{875D7206-4EA2-4CD4-A1FF-097205007E65}.Release|Any CPU.Build.0 = Release|Any CPU
		{875D7206-4EA2-4CD4-A1FF-097205007E65}.Release|Any CPU.Deploy.0 = Release|Any CPU
		{875D7206-4EA2-4CD4-A1FF-097205007E65}.Release|ARM.ActiveCfg = Release|Any CPU
		{875D7206-4EA2-4CD4-A1FF-097205007E65}.Release|ARM.Build.0 = Release|Any CPU
		{875D7206-4EA2-4CD4-A1FF-097205007E65}.Release|ARM.Deploy.0 = Release|Any CPU
		{875D7206-4EA2-4CD4-A1FF-097205007E65}.Release|iPhone.ActiveCfg = Release|Any CPU
		{875D7206-4EA2-4CD4-A1FF-097205007E65}.Release|iPhone.Build.0 = Release|Any CPU
		{875D7206-4EA2-4CD4-A1FF-097205007E65}.Release|iPhone.Deploy.0 = Release|Any CPU
		{875D7206-4EA2-4CD4-A1FF-097205007E65}.Release|iPhoneSimulator.ActiveCfg = Release|Any CPU
		{875D7206-4EA2-4CD4-A1FF-097205007E65}.Release|iPhoneSimulator.Build.0 = Release|Any CPU
		{875D7206-4EA2-4CD4-A1FF-097205007E65}.Release|iPhoneSimulator.Deploy.0 = Release|Any CPU
		{875D7206-4EA2-4CD4-A1FF-097205007E65}.Release|x64.ActiveCfg = Release|Any CPU
		{875D7206-4EA2-4CD4-A1FF-097205007E65}.Release|x64.Build.0 = Release|Any CPU
		{875D7206-4EA2-4CD4-A1FF-097205007E65}.Release|x64.Deploy.0 = Release|Any CPU
		{875D7206-4EA2-4CD4-A1FF-097205007E65}.Release|x86.ActiveCfg = Release|Any CPU
		{875D7206-4EA2-4CD4-A1FF-097205007E65}.Release|x86.Build.0 = Release|Any CPU
		{875D7206-4EA2-4CD4-A1FF-097205007E65}.Release|x86.Deploy.0 = Release|Any CPU
		{517626F9-300A-4E95-AA4F-2C244B6F5110}.Debug|Any CPU.ActiveCfg = Debug|Any CPU
		{517626F9-300A-4E95-AA4F-2C244B6F5110}.Debug|Any CPU.Build.0 = Debug|Any CPU
		{517626F9-300A-4E95-AA4F-2C244B6F5110}.Debug|Any CPU.Deploy.0 = Debug|Any CPU
		{517626F9-300A-4E95-AA4F-2C244B6F5110}.Debug|ARM.ActiveCfg = Debug|Any CPU
		{517626F9-300A-4E95-AA4F-2C244B6F5110}.Debug|ARM.Build.0 = Debug|Any CPU
		{517626F9-300A-4E95-AA4F-2C244B6F5110}.Debug|ARM.Deploy.0 = Debug|Any CPU
		{517626F9-300A-4E95-AA4F-2C244B6F5110}.Debug|iPhone.ActiveCfg = Debug|Any CPU
		{517626F9-300A-4E95-AA4F-2C244B6F5110}.Debug|iPhone.Build.0 = Debug|Any CPU
		{517626F9-300A-4E95-AA4F-2C244B6F5110}.Debug|iPhone.Deploy.0 = Debug|Any CPU
		{517626F9-300A-4E95-AA4F-2C244B6F5110}.Debug|iPhoneSimulator.ActiveCfg = Debug|Any CPU
		{517626F9-300A-4E95-AA4F-2C244B6F5110}.Debug|iPhoneSimulator.Build.0 = Debug|Any CPU
		{517626F9-300A-4E95-AA4F-2C244B6F5110}.Debug|iPhoneSimulator.Deploy.0 = Debug|Any CPU
		{517626F9-300A-4E95-AA4F-2C244B6F5110}.Debug|x64.ActiveCfg = Debug|Any CPU
		{517626F9-300A-4E95-AA4F-2C244B6F5110}.Debug|x64.Build.0 = Debug|Any CPU
		{517626F9-300A-4E95-AA4F-2C244B6F5110}.Debug|x64.Deploy.0 = Debug|Any CPU
		{517626F9-300A-4E95-AA4F-2C244B6F5110}.Debug|x86.ActiveCfg = Debug|Any CPU
		{517626F9-300A-4E95-AA4F-2C244B6F5110}.Debug|x86.Build.0 = Debug|Any CPU
		{517626F9-300A-4E95-AA4F-2C244B6F5110}.Debug|x86.Deploy.0 = Debug|Any CPU
		{517626F9-300A-4E95-AA4F-2C244B6F5110}.Release|Any CPU.ActiveCfg = Release|Any CPU
		{517626F9-300A-4E95-AA4F-2C244B6F5110}.Release|Any CPU.Build.0 = Release|Any CPU
		{517626F9-300A-4E95-AA4F-2C244B6F5110}.Release|Any CPU.Deploy.0 = Release|Any CPU
		{517626F9-300A-4E95-AA4F-2C244B6F5110}.Release|ARM.ActiveCfg = Release|Any CPU
		{517626F9-300A-4E95-AA4F-2C244B6F5110}.Release|ARM.Build.0 = Release|Any CPU
		{517626F9-300A-4E95-AA4F-2C244B6F5110}.Release|ARM.Deploy.0 = Release|Any CPU
		{517626F9-300A-4E95-AA4F-2C244B6F5110}.Release|iPhone.ActiveCfg = Release|Any CPU
		{517626F9-300A-4E95-AA4F-2C244B6F5110}.Release|iPhone.Build.0 = Release|Any CPU
		{517626F9-300A-4E95-AA4F-2C244B6F5110}.Release|iPhone.Deploy.0 = Release|Any CPU
		{517626F9-300A-4E95-AA4F-2C244B6F5110}.Release|iPhoneSimulator.ActiveCfg = Release|Any CPU
		{517626F9-300A-4E95-AA4F-2C244B6F5110}.Release|iPhoneSimulator.Build.0 = Release|Any CPU
		{517626F9-300A-4E95-AA4F-2C244B6F5110}.Release|iPhoneSimulator.Deploy.0 = Release|Any CPU
		{517626F9-300A-4E95-AA4F-2C244B6F5110}.Release|x64.ActiveCfg = Release|Any CPU
		{517626F9-300A-4E95-AA4F-2C244B6F5110}.Release|x64.Build.0 = Release|Any CPU
		{517626F9-300A-4E95-AA4F-2C244B6F5110}.Release|x64.Deploy.0 = Release|Any CPU
		{517626F9-300A-4E95-AA4F-2C244B6F5110}.Release|x86.ActiveCfg = Release|Any CPU
		{517626F9-300A-4E95-AA4F-2C244B6F5110}.Release|x86.Build.0 = Release|Any CPU
		{517626F9-300A-4E95-AA4F-2C244B6F5110}.Release|x86.Deploy.0 = Release|Any CPU
		{2B1CE1EF-14C3-43B8-9F2C-9AC8B932EFD3}.Debug|Any CPU.ActiveCfg = Debug|Any CPU
		{2B1CE1EF-14C3-43B8-9F2C-9AC8B932EFD3}.Debug|Any CPU.Build.0 = Debug|Any CPU
		{2B1CE1EF-14C3-43B8-9F2C-9AC8B932EFD3}.Debug|ARM.ActiveCfg = Debug|Any CPU
		{2B1CE1EF-14C3-43B8-9F2C-9AC8B932EFD3}.Debug|ARM.Build.0 = Debug|Any CPU
		{2B1CE1EF-14C3-43B8-9F2C-9AC8B932EFD3}.Debug|iPhone.ActiveCfg = Debug|Any CPU
		{2B1CE1EF-14C3-43B8-9F2C-9AC8B932EFD3}.Debug|iPhone.Build.0 = Debug|Any CPU
		{2B1CE1EF-14C3-43B8-9F2C-9AC8B932EFD3}.Debug|iPhoneSimulator.ActiveCfg = Debug|Any CPU
		{2B1CE1EF-14C3-43B8-9F2C-9AC8B932EFD3}.Debug|iPhoneSimulator.Build.0 = Debug|Any CPU
		{2B1CE1EF-14C3-43B8-9F2C-9AC8B932EFD3}.Debug|x64.ActiveCfg = Debug|Any CPU
		{2B1CE1EF-14C3-43B8-9F2C-9AC8B932EFD3}.Debug|x64.Build.0 = Debug|Any CPU
		{2B1CE1EF-14C3-43B8-9F2C-9AC8B932EFD3}.Debug|x86.ActiveCfg = Debug|Any CPU
		{2B1CE1EF-14C3-43B8-9F2C-9AC8B932EFD3}.Debug|x86.Build.0 = Debug|Any CPU
		{2B1CE1EF-14C3-43B8-9F2C-9AC8B932EFD3}.Release|Any CPU.ActiveCfg = Release|Any CPU
		{2B1CE1EF-14C3-43B8-9F2C-9AC8B932EFD3}.Release|Any CPU.Build.0 = Release|Any CPU
		{2B1CE1EF-14C3-43B8-9F2C-9AC8B932EFD3}.Release|ARM.ActiveCfg = Release|Any CPU
		{2B1CE1EF-14C3-43B8-9F2C-9AC8B932EFD3}.Release|ARM.Build.0 = Release|Any CPU
		{2B1CE1EF-14C3-43B8-9F2C-9AC8B932EFD3}.Release|iPhone.ActiveCfg = Release|Any CPU
		{2B1CE1EF-14C3-43B8-9F2C-9AC8B932EFD3}.Release|iPhone.Build.0 = Release|Any CPU
		{2B1CE1EF-14C3-43B8-9F2C-9AC8B932EFD3}.Release|iPhoneSimulator.ActiveCfg = Release|Any CPU
		{2B1CE1EF-14C3-43B8-9F2C-9AC8B932EFD3}.Release|iPhoneSimulator.Build.0 = Release|Any CPU
		{2B1CE1EF-14C3-43B8-9F2C-9AC8B932EFD3}.Release|x64.ActiveCfg = Release|Any CPU
		{2B1CE1EF-14C3-43B8-9F2C-9AC8B932EFD3}.Release|x64.Build.0 = Release|Any CPU
		{2B1CE1EF-14C3-43B8-9F2C-9AC8B932EFD3}.Release|x86.ActiveCfg = Release|Any CPU
		{2B1CE1EF-14C3-43B8-9F2C-9AC8B932EFD3}.Release|x86.Build.0 = Release|Any CPU
	EndGlobalSection
	GlobalSection(SolutionProperties) = preSolution
		HideSolutionNode = FALSE
	EndGlobalSection
	GlobalSection(ExtensibilityGlobals) = postSolution
		SolutionGuid = {7AACCBEF-748F-4CF3-9F54-A6043EA482A9}
	EndGlobalSection
EndGlobal
